// !$*UTF8*$!
{
	archiveVersion = 1;
	classes = {
	};
	objectVersion = 46;
	objects = {

/* Begin PBXBuildFile section */
		935BDDC9196341CF00C4EE80 /* AppDelegate.swift in Sources */ = {isa = PBXBuildFile; fileRef = 935BDDC8196341CF00C4EE80 /* AppDelegate.swift */; };
		935BDDCB196341CF00C4EE80 /* ViewController.swift in Sources */ = {isa = PBXBuildFile; fileRef = 935BDDCA196341CF00C4EE80 /* ViewController.swift */; };
		935BDDCE196341CF00C4EE80 /* Main.storyboard in Resources */ = {isa = PBXBuildFile; fileRef = 935BDDCC196341CF00C4EE80 /* Main.storyboard */; };
		935BDDD0196341CF00C4EE80 /* Images.xcassets in Resources */ = {isa = PBXBuildFile; fileRef = 935BDDCF196341CF00C4EE80 /* Images.xcassets */; };
		935BDDDC196341CF00C4EE80 /* ReverserUITests.swift in Sources */ = {isa = PBXBuildFile; fileRef = 935BDDDB196341CF00C4EE80 /* ReverserUITests.swift */; };
		935BDE2719638C4300C4EE80 /* DReverse.m in Sources */ = {isa = PBXBuildFile; fileRef = 935BDE2519638C4300C4EE80 /* DReverse.m */; };
/* End PBXBuildFile section */

/* Begin PBXContainerItemProxy section */
		935BDDD6196341CF00C4EE80 /* PBXContainerItemProxy */ = {
			isa = PBXContainerItemProxy;
			containerPortal = 935BDDBB196341CF00C4EE80 /* Project object */;
			proxyType = 1;
			remoteGlobalIDString = 935BDDC2196341CF00C4EE80;
			remoteInfo = ReverserUI;
		};
/* End PBXContainerItemProxy section */

/* Begin PBXFileReference section */
		935BDDC3196341CF00C4EE80 /* ReverserUI.app */ = {isa = PBXFileReference; explicitFileType = wrapper.application; includeInIndex = 0; path = ReverserUI.app; sourceTree = BUILT_PRODUCTS_DIR; };
		935BDDC7196341CF00C4EE80 /* Info.plist */ = {isa = PBXFileReference; lastKnownFileType = text.plist.xml; path = Info.plist; sourceTree = "<group>"; };
		935BDDC8196341CF00C4EE80 /* AppDelegate.swift */ = {isa = PBXFileReference; lastKnownFileType = sourcecode.swift; path = AppDelegate.swift; sourceTree = "<group>"; };
		935BDDCA196341CF00C4EE80 /* ViewController.swift */ = {isa = PBXFileReference; lastKnownFileType = sourcecode.swift; path = ViewController.swift; sourceTree = "<group>"; };
		935BDDCD196341CF00C4EE80 /* Base */ = {isa = PBXFileReference; lastKnownFileType = file.storyboard; name = Base; path = Base.lproj/Main.storyboard; sourceTree = "<group>"; };
		935BDDCF196341CF00C4EE80 /* Images.xcassets */ = {isa = PBXFileReference; lastKnownFileType = folder.assetcatalog; path = Images.xcassets; sourceTree = "<group>"; };
		935BDDD5196341CF00C4EE80 /* ReverserUITests.xctest */ = {isa = PBXFileReference; explicitFileType = wrapper.cfbundle; includeInIndex = 0; path = ReverserUITests.xctest; sourceTree = BUILT_PRODUCTS_DIR; };
		935BDDDA196341CF00C4EE80 /* Info.plist */ = {isa = PBXFileReference; lastKnownFileType = text.plist.xml; path = Info.plist; sourceTree = "<group>"; };
		935BDDDB196341CF00C4EE80 /* ReverserUITests.swift */ = {isa = PBXFileReference; lastKnownFileType = sourcecode.swift; path = ReverserUITests.swift; sourceTree = "<group>"; };
		935BDE23196351F500C4EE80 /* Bridge.h */ = {isa = PBXFileReference; lastKnownFileType = sourcecode.c.h; path = Bridge.h; sourceTree = "<group>"; };
		935BDE2419638C4200C4EE80 /* ReverserUI-Bridging-Header.h */ = {isa = PBXFileReference; lastKnownFileType = sourcecode.c.h; path = "ReverserUI-Bridging-Header.h"; sourceTree = "<group>"; };
		935BDE2519638C4300C4EE80 /* DReverse.m */ = {isa = PBXFileReference; fileEncoding = 4; lastKnownFileType = sourcecode.c.objc; path = DReverse.m; sourceTree = "<group>"; };
		935BDE2619638C4300C4EE80 /* DReverse.h */ = {isa = PBXFileReference; fileEncoding = 4; lastKnownFileType = sourcecode.c.h; path = DReverse.h; sourceTree = "<group>"; };
/* End PBXFileReference section */

/* Begin PBXFrameworksBuildPhase section */
		935BDDC0196341CF00C4EE80 /* Frameworks */ = {
			isa = PBXFrameworksBuildPhase;
			buildActionMask = 2147483647;
			files = (
			);
			runOnlyForDeploymentPostprocessing = 0;
		};
		935BDDD2196341CF00C4EE80 /* Frameworks */ = {
			isa = PBXFrameworksBuildPhase;
			buildActionMask = 2147483647;
			files = (
			);
			runOnlyForDeploymentPostprocessing = 0;
		};
/* End PBXFrameworksBuildPhase section */

/* Begin PBXGroup section */
		935BDDBA196341CF00C4EE80 = {
			isa = PBXGroup;
			children = (
				935BDE2519638C4300C4EE80 /* DReverse.m */,
				935BDE2619638C4300C4EE80 /* DReverse.h */,
				935BDE23196351F500C4EE80 /* Bridge.h */,
				935BDDC5196341CF00C4EE80 /* ReverserUI */,
				935BDDD8196341CF00C4EE80 /* ReverserUITests */,
				935BDDC4196341CF00C4EE80 /* Products */,
				935BDE2419638C4200C4EE80 /* ReverserUI-Bridging-Header.h */,
			);
			sourceTree = "<group>";
		};
		935BDDC4196341CF00C4EE80 /* Products */ = {
			isa = PBXGroup;
			children = (
				935BDDC3196341CF00C4EE80 /* ReverserUI.app */,
				935BDDD5196341CF00C4EE80 /* ReverserUITests.xctest */,
			);
			name = Products;
			sourceTree = "<group>";
		};
		935BDDC5196341CF00C4EE80 /* ReverserUI */ = {
			isa = PBXGroup;
			children = (
				935BDDC8196341CF00C4EE80 /* AppDelegate.swift */,
				935BDDCA196341CF00C4EE80 /* ViewController.swift */,
				935BDDCC196341CF00C4EE80 /* Main.storyboard */,
				935BDDCF196341CF00C4EE80 /* Images.xcassets */,
				935BDDC6196341CF00C4EE80 /* Supporting Files */,
			);
			path = ReverserUI;
			sourceTree = "<group>";
		};
		935BDDC6196341CF00C4EE80 /* Supporting Files */ = {
			isa = PBXGroup;
			children = (
				935BDDC7196341CF00C4EE80 /* Info.plist */,
			);
			name = "Supporting Files";
			sourceTree = "<group>";
		};
		935BDDD8196341CF00C4EE80 /* ReverserUITests */ = {
			isa = PBXGroup;
			children = (
				935BDDDB196341CF00C4EE80 /* ReverserUITests.swift */,
				935BDDD9196341CF00C4EE80 /* Supporting Files */,
			);
			path = ReverserUITests;
			sourceTree = "<group>";
		};
		935BDDD9196341CF00C4EE80 /* Supporting Files */ = {
			isa = PBXGroup;
			children = (
				935BDDDA196341CF00C4EE80 /* Info.plist */,
			);
			name = "Supporting Files";
			sourceTree = "<group>";
		};
/* End PBXGroup section */

/* Begin PBXNativeTarget section */
		935BDDC2196341CF00C4EE80 /* ReverserUI */ = {
			isa = PBXNativeTarget;
			buildConfigurationList = 935BDDDF196341CF00C4EE80 /* Build configuration list for PBXNativeTarget "ReverserUI" */;
			buildPhases = (
				935BDDBF196341CF00C4EE80 /* Sources */,
				935BDDC0196341CF00C4EE80 /* Frameworks */,
				935BDDC1196341CF00C4EE80 /* Resources */,
			);
			buildRules = (
			);
			dependencies = (
			);
			name = ReverserUI;
			productName = ReverserUI;
			productReference = 935BDDC3196341CF00C4EE80 /* ReverserUI.app */;
			productType = "com.apple.product-type.application";
		};
		935BDDD4196341CF00C4EE80 /* ReverserUITests */ = {
			isa = PBXNativeTarget;
			buildConfigurationList = 935BDDE2196341CF00C4EE80 /* Build configuration list for PBXNativeTarget "ReverserUITests" */;
			buildPhases = (
				935BDDD1196341CF00C4EE80 /* Sources */,
				935BDDD2196341CF00C4EE80 /* Frameworks */,
				935BDDD3196341CF00C4EE80 /* Resources */,
			);
			buildRules = (
			);
			dependencies = (
				935BDDD7196341CF00C4EE80 /* PBXTargetDependency */,
			);
			name = ReverserUITests;
			productName = ReverserUITests;
			productReference = 935BDDD5196341CF00C4EE80 /* ReverserUITests.xctest */;
			productType = "com.apple.product-type.bundle.unit-test";
		};
/* End PBXNativeTarget section */

/* Begin PBXProject section */
		935BDDBB196341CF00C4EE80 /* Project object */ = {
			isa = PBXProject;
			attributes = {
				LastUpgradeCheck = 0600;
				ORGANIZATIONNAME = "Masa Jow";
				TargetAttributes = {
					935BDDC2196341CF00C4EE80 = {
						CreatedOnToolsVersion = 6.0;
					};
					935BDDD4196341CF00C4EE80 = {
						CreatedOnToolsVersion = 6.0;
						TestTargetID = 935BDDC2196341CF00C4EE80;
					};
				};
			};
			buildConfigurationList = 935BDDBE196341CF00C4EE80 /* Build configuration list for PBXProject "ReverserUI" */;
			compatibilityVersion = "Xcode 3.2";
			developmentRegion = English;
			hasScannedForEncodings = 0;
			knownRegions = (
				en,
				Base,
			);
			mainGroup = 935BDDBA196341CF00C4EE80;
			productRefGroup = 935BDDC4196341CF00C4EE80 /* Products */;
			projectDirPath = "";
			projectRoot = "";
			targets = (
				935BDDC2196341CF00C4EE80 /* ReverserUI */,
				935BDDD4196341CF00C4EE80 /* ReverserUITests */,
			);
		};
/* End PBXProject section */

/* Begin PBXResourcesBuildPhase section */
		935BDDC1196341CF00C4EE80 /* Resources */ = {
			isa = PBXResourcesBuildPhase;
			buildActionMask = 2147483647;
			files = (
				935BDDCE196341CF00C4EE80 /* Main.storyboard in Resources */,
				935BDDD0196341CF00C4EE80 /* Images.xcassets in Resources */,
			);
			runOnlyForDeploymentPostprocessing = 0;
		};
		935BDDD3196341CF00C4EE80 /* Resources */ = {
			isa = PBXResourcesBuildPhase;
			buildActionMask = 2147483647;
			files = (
			);
			runOnlyForDeploymentPostprocessing = 0;
		};
/* End PBXResourcesBuildPhase section */

/* Begin PBXSourcesBuildPhase section */
		935BDDBF196341CF00C4EE80 /* Sources */ = {
			isa = PBXSourcesBuildPhase;
			buildActionMask = 2147483647;
			files = (
				935BDE2719638C4300C4EE80 /* DReverse.m in Sources */,
				935BDDCB196341CF00C4EE80 /* ViewController.swift in Sources */,
				935BDDC9196341CF00C4EE80 /* AppDelegate.swift in Sources */,
			);
			runOnlyForDeploymentPostprocessing = 0;
		};
		935BDDD1196341CF00C4EE80 /* Sources */ = {
			isa = PBXSourcesBuildPhase;
			buildActionMask = 2147483647;
			files = (
				935BDDDC196341CF00C4EE80 /* ReverserUITests.swift in Sources */,
			);
			runOnlyForDeploymentPostprocessing = 0;
		};
/* End PBXSourcesBuildPhase section */

/* Begin PBXTargetDependency section */
		935BDDD7196341CF00C4EE80 /* PBXTargetDependency */ = {
			isa = PBXTargetDependency;
			target = 935BDDC2196341CF00C4EE80 /* ReverserUI */;
			targetProxy = 935BDDD6196341CF00C4EE80 /* PBXContainerItemProxy */;
		};
/* End PBXTargetDependency section */

/* Begin PBXVariantGroup section */
		935BDDCC196341CF00C4EE80 /* Main.storyboard */ = {
			isa = PBXVariantGroup;
			children = (
				935BDDCD196341CF00C4EE80 /* Base */,
			);
			name = Main.storyboard;
			sourceTree = "<group>";
		};
/* End PBXVariantGroup section */

/* Begin XCBuildConfiguration section */
		935BDDDD196341CF00C4EE80 /* Debug */ = {
			isa = XCBuildConfiguration;
			buildSettings = {
				ALWAYS_SEARCH_USER_PATHS = NO;
				CLANG_CXX_LANGUAGE_STANDARD = "gnu++0x";
				CLANG_CXX_LIBRARY = "libc++";
				CLANG_ENABLE_MODULES = YES;
				CLANG_ENABLE_OBJC_ARC = YES;
				CLANG_WARN_BOOL_CONVERSION = YES;
				CLANG_WARN_CONSTANT_CONVERSION = YES;
				CLANG_WARN_DIRECT_OBJC_ISA_USAGE = YES_ERROR;
				CLANG_WARN_EMPTY_BODY = YES;
				CLANG_WARN_ENUM_CONVERSION = YES;
				CLANG_WARN_INT_CONVERSION = YES;
				CLANG_WARN_OBJC_ROOT_CLASS = YES_ERROR;
				CLANG_WARN_UNREACHABLE_CODE = YES;
				CLANG_WARN__DUPLICATE_METHOD_MATCH = YES;
				"CODE_SIGN_IDENTITY[sdk=iphoneos*]" = "iPhone Developer";
				COPY_PHASE_STRIP = NO;
				ENABLE_STRICT_OBJC_MSGSEND = YES;
				GCC_C_LANGUAGE_STANDARD = gnu99;
				GCC_DYNAMIC_NO_PIC = NO;
				GCC_OPTIMIZATION_LEVEL = 0;
				GCC_PREPROCESSOR_DEFINITIONS = (
					"DEBUG=1",
					"$(inherited)",
				);
				GCC_SYMBOLS_PRIVATE_EXTERN = NO;
				GCC_WARN_64_TO_32_BIT_CONVERSION = YES;
				GCC_WARN_ABOUT_RETURN_TYPE = YES_ERROR;
				GCC_WARN_UNDECLARED_SELECTOR = YES;
				GCC_WARN_UNINITIALIZED_AUTOS = YES_AGGRESSIVE;
				GCC_WARN_UNUSED_FUNCTION = YES;
				GCC_WARN_UNUSED_VARIABLE = YES;
				IPHONEOS_DEPLOYMENT_TARGET = 8.0;
				METAL_ENABLE_DEBUG_INFO = YES;
				ONLY_ACTIVE_ARCH = YES;
				SDKROOT = iphoneos;
				SWIFT_OPTIMIZATION_LEVEL = "-Onone";
			};
			name = Debug;
		};
		935BDDDE196341CF00C4EE80 /* Release */ = {
			isa = XCBuildConfiguration;
			buildSettings = {
				ALWAYS_SEARCH_USER_PATHS = NO;
				CLANG_CXX_LANGUAGE_STANDARD = "gnu++0x";
				CLANG_CXX_LIBRARY = "libc++";
				CLANG_ENABLE_MODULES = YES;
				CLANG_ENABLE_OBJC_ARC = YES;
				CLANG_WARN_BOOL_CONVERSION = YES;
				CLANG_WARN_CONSTANT_CONVERSION = YES;
				CLANG_WARN_DIRECT_OBJC_ISA_USAGE = YES_ERROR;
				CLANG_WARN_EMPTY_BODY = YES;
				CLANG_WARN_ENUM_CONVERSION = YES;
				CLANG_WARN_INT_CONVERSION = YES;
				CLANG_WARN_OBJC_ROOT_CLASS = YES_ERROR;
				CLANG_WARN_UNREACHABLE_CODE = YES;
				CLANG_WARN__DUPLICATE_METHOD_MATCH = YES;
				"CODE_SIGN_IDENTITY[sdk=iphoneos*]" = "iPhone Developer";
				COPY_PHASE_STRIP = YES;
				ENABLE_NS_ASSERTIONS = NO;
				ENABLE_STRICT_OBJC_MSGSEND = YES;
				GCC_C_LANGUAGE_STANDARD = gnu99;
				GCC_WARN_64_TO_32_BIT_CONVERSION = YES;
				GCC_WARN_ABOUT_RETURN_TYPE = YES_ERROR;
				GCC_WARN_UNDECLARED_SELECTOR = YES;
				GCC_WARN_UNINITIALIZED_AUTOS = YES_AGGRESSIVE;
				GCC_WARN_UNUSED_FUNCTION = YES;
				GCC_WARN_UNUSED_VARIABLE = YES;
				IPHONEOS_DEPLOYMENT_TARGET = 8.0;
				METAL_ENABLE_DEBUG_INFO = NO;
				SDKROOT = iphoneos;
				VALIDATE_PRODUCT = YES;
			};
			name = Release;
		};
		935BDDE0196341CF00C4EE80 /* Debug */ = {
			isa = XCBuildConfiguration;
			buildSettings = {
				ASSETCATALOG_COMPILER_APPICON_NAME = AppIcon;
				ASSETCATALOG_COMPILER_LAUNCHIMAGE_NAME = LaunchImage;
				CLANG_ENABLE_MODULES = YES;
				FRAMEWORK_SEARCH_PATHS = (
					"$(inherited)",
					"$(USER_LIBRARY_DIR)/Developer/Xcode/DerivedData/Dummy0-fsctrtkmmmxmmiduhieiogyrizrl/Build/Products/Debug-iphoneos",
				);
				INFOPLIST_FILE = ReverserUI/Info.plist;
				LD_RUNPATH_SEARCH_PATHS = "$(inherited) @executable_path/Frameworks";
				PRODUCT_NAME = "$(TARGET_NAME)";
				SWIFT_OBJC_BRIDGING_HEADER = "ReverserUI-Bridging-Header.h";
				SWIFT_OPTIMIZATION_LEVEL = "-Onone";
			};
			name = Debug;
		};
		935BDDE1196341CF00C4EE80 /* Release */ = {
			isa = XCBuildConfiguration;
			buildSettings = {
				ASSETCATALOG_COMPILER_APPICON_NAME = AppIcon;
				ASSETCATALOG_COMPILER_LAUNCHIMAGE_NAME = LaunchImage;
				CLANG_ENABLE_MODULES = YES;
				FRAMEWORK_SEARCH_PATHS = (
					"$(inherited)",
					"$(USER_LIBRARY_DIR)/Developer/Xcode/DerivedData/Dummy0-fsctrtkmmmxmmiduhieiogyrizrl/Build/Products/Debug-iphoneos",
				);
				INFOPLIST_FILE = ReverserUI/Info.plist;
				LD_RUNPATH_SEARCH_PATHS = "$(inherited) @executable_path/Frameworks";
				PRODUCT_NAME = "$(TARGET_NAME)";
				SWIFT_OBJC_BRIDGING_HEADER = "ReverserUI-Bridging-Header.h";
			};
			name = Release;
		};
		935BDDE3196341CF00C4EE80 /* Debug */ = {
			isa = XCBuildConfiguration;
			buildSettings = {
				BUNDLE_LOADER = "$(BUILT_PRODUCTS_DIR)/ReverserUI.app/ReverserUI";
				FRAMEWORK_SEARCH_PATHS = (
					"$(SDKROOT)/Developer/Library/Frameworks",
					"$(inherited)",
				);
				GCC_PREPROCESSOR_DEFINITIONS = (
					"DEBUG=1",
					"$(inherited)",
				);
				INFOPLIST_FILE = ReverserUITests/Info.plist;
				LD_RUNPATH_SEARCH_PATHS = "$(inherited) @executable_path/Frameworks @loader_path/Frameworks";
				METAL_ENABLE_DEBUG_INFO = YES;
				PRODUCT_NAME = "$(TARGET_NAME)";
				TEST_HOST = "$(BUNDLE_LOADER)";
			};
			name = Debug;
		};
		935BDDE4196341CF00C4EE80 /* Release */ = {
			isa = XCBuildConfiguration;
			buildSettings = {
				BUNDLE_LOADER = "$(BUILT_PRODUCTS_DIR)/ReverserUI.app/ReverserUI";
				FRAMEWORK_SEARCH_PATHS = (
					"$(SDKROOT)/Developer/Library/Frameworks",
					"$(inherited)",
				);
				INFOPLIST_FILE = ReverserUITests/Info.plist;
				LD_RUNPATH_SEARCH_PATHS = "$(inherited) @executable_path/Frameworks @loader_path/Frameworks";
				METAL_ENABLE_DEBUG_INFO = NO;
				PRODUCT_NAME = "$(TARGET_NAME)";
				TEST_HOST = "$(BUNDLE_LOADER)";
			};
			name = Release;
		};
/* End XCBuildConfiguration section */

/* Begin XCConfigurationList section */
		935BDDBE196341CF00C4EE80 /* Build configuration list for PBXProject "ReverserUI" */ = {
			isa = XCConfigurationList;
			buildConfigurations = (
				935BDDDD196341CF00C4EE80 /* Debug */,
				935BDDDE196341CF00C4EE80 /* Release */,
			);
			defaultConfigurationIsVisible = 0;
			defaultConfigurationName = Release;
		};
		935BDDDF196341CF00C4EE80 /* Build configuration list for PBXNativeTarget "ReverserUI" */ = {
			isa = XCConfigurationList;
			buildConfigurations = (
				935BDDE0196341CF00C4EE80 /* Debug */,
				935BDDE1196341CF00C4EE80 /* Release */,
			);
			defaultConfigurationIsVisible = 0;
		};
		935BDDE2196341CF00C4EE80 /* Build configuration list for PBXNativeTarget "ReverserUITests" */ = {
			isa = XCConfigurationList;
			buildConfigurations = (
				935BDDE3196341CF00C4EE80 /* Debug */,
				935BDDE4196341CF00C4EE80 /* Release */,
			);
			defaultConfigurationIsVisible = 0;
		};
/* End XCConfigurationList section */
	};
	rootObject = 935BDDBB196341CF00C4EE80 /* Project object */;
}
