// !$*UTF8*$!
{
	archiveVersion = 1;
	classes = {
	};
	objectVersion = 46;
	objects = {

/* Begin PBXBuildFile section */
		9389887818F8B235009809B8 /* Foundation.framework in Frameworks */ = {isa = PBXBuildFile; fileRef = 9389887718F8B235009809B8 /* Foundation.framework */; };
		9389887A18F8B235009809B8 /* CoreGraphics.framework in Frameworks */ = {isa = PBXBuildFile; fileRef = 9389887918F8B235009809B8 /* CoreGraphics.framework */; };
		9389887C18F8B235009809B8 /* UIKit.framework in Frameworks */ = {isa = PBXBuildFile; fileRef = 9389887B18F8B235009809B8 /* UIKit.framework */; };
		9389888218F8B235009809B8 /* InfoPlist.strings in Resources */ = {isa = PBXBuildFile; fileRef = 9389888018F8B235009809B8 /* InfoPlist.strings */; };
		9389888418F8B236009809B8 /* main.m in Sources */ = {isa = PBXBuildFile; fileRef = 9389888318F8B236009809B8 /* main.m */; };
		9389888818F8B236009809B8 /* AppDelegate.m in Sources */ = {isa = PBXBuildFile; fileRef = 9389888718F8B236009809B8 /* AppDelegate.m */; };
		9389888B18F8B236009809B8 /* Main.storyboard in Resources */ = {isa = PBXBuildFile; fileRef = 9389888918F8B236009809B8 /* Main.storyboard */; };
		9389888E18F8B236009809B8 /* FirstViewController.m in Sources */ = {isa = PBXBuildFile; fileRef = 9389888D18F8B236009809B8 /* FirstViewController.m */; };
		9389889118F8B236009809B8 /* SecondViewController.m in Sources */ = {isa = PBXBuildFile; fileRef = 9389889018F8B236009809B8 /* SecondViewController.m */; };
		9389889318F8B236009809B8 /* Images.xcassets in Resources */ = {isa = PBXBuildFile; fileRef = 9389889218F8B236009809B8 /* Images.xcassets */; };
		9389889A18F8B236009809B8 /* XCTest.framework in Frameworks */ = {isa = PBXBuildFile; fileRef = 9389889918F8B236009809B8 /* XCTest.framework */; };
		9389889B18F8B236009809B8 /* Foundation.framework in Frameworks */ = {isa = PBXBuildFile; fileRef = 9389887718F8B235009809B8 /* Foundation.framework */; };
		9389889C18F8B236009809B8 /* UIKit.framework in Frameworks */ = {isa = PBXBuildFile; fileRef = 9389887B18F8B235009809B8 /* UIKit.framework */; };
		938988A418F8B236009809B8 /* InfoPlist.strings in Resources */ = {isa = PBXBuildFile; fileRef = 938988A218F8B236009809B8 /* InfoPlist.strings */; };
		938988A618F8B236009809B8 /* Study4Tests.m in Sources */ = {isa = PBXBuildFile; fileRef = 938988A518F8B236009809B8 /* Study4Tests.m */; };
/* End PBXBuildFile section */

/* Begin PBXContainerItemProxy section */
		9389889D18F8B236009809B8 /* PBXContainerItemProxy */ = {
			isa = PBXContainerItemProxy;
			containerPortal = 9389886C18F8B235009809B8 /* Project object */;
			proxyType = 1;
			remoteGlobalIDString = 9389887318F8B235009809B8;
			remoteInfo = Study4;
		};
/* End PBXContainerItemProxy section */

/* Begin PBXFileReference section */
		9389887418F8B235009809B8 /* Study4.app */ = {isa = PBXFileReference; explicitFileType = wrapper.application; includeInIndex = 0; path = Study4.app; sourceTree = BUILT_PRODUCTS_DIR; };
		9389887718F8B235009809B8 /* Foundation.framework */ = {isa = PBXFileReference; lastKnownFileType = wrapper.framework; name = Foundation.framework; path = System/Library/Frameworks/Foundation.framework; sourceTree = SDKROOT; };
		9389887918F8B235009809B8 /* CoreGraphics.framework */ = {isa = PBXFileReference; lastKnownFileType = wrapper.framework; name = CoreGraphics.framework; path = System/Library/Frameworks/CoreGraphics.framework; sourceTree = SDKROOT; };
		9389887B18F8B235009809B8 /* UIKit.framework */ = {isa = PBXFileReference; lastKnownFileType = wrapper.framework; name = UIKit.framework; path = System/Library/Frameworks/UIKit.framework; sourceTree = SDKROOT; };
		9389887F18F8B235009809B8 /* Study4-Info.plist */ = {isa = PBXFileReference; lastKnownFileType = text.plist.xml; path = "Study4-Info.plist"; sourceTree = "<group>"; };
		9389888118F8B235009809B8 /* en */ = {isa = PBXFileReference; lastKnownFileType = text.plist.strings; name = en; path = en.lproj/InfoPlist.strings; sourceTree = "<group>"; };
		9389888318F8B236009809B8 /* main.m */ = {isa = PBXFileReference; lastKnownFileType = sourcecode.c.objc; path = main.m; sourceTree = "<group>"; };
		9389888518F8B236009809B8 /* Study4-Prefix.pch */ = {isa = PBXFileReference; lastKnownFileType = sourcecode.c.h; path = "Study4-Prefix.pch"; sourceTree = "<group>"; };
		9389888618F8B236009809B8 /* AppDelegate.h */ = {isa = PBXFileReference; lastKnownFileType = sourcecode.c.h; path = AppDelegate.h; sourceTree = "<group>"; };
		9389888718F8B236009809B8 /* AppDelegate.m */ = {isa = PBXFileReference; lastKnownFileType = sourcecode.c.objc; path = AppDelegate.m; sourceTree = "<group>"; };
		9389888A18F8B236009809B8 /* Base */ = {isa = PBXFileReference; lastKnownFileType = file.storyboard; name = Base; path = Base.lproj/Main.storyboard; sourceTree = "<group>"; };
		9389888C18F8B236009809B8 /* FirstViewController.h */ = {isa = PBXFileReference; lastKnownFileType = sourcecode.c.h; path = FirstViewController.h; sourceTree = "<group>"; };
		9389888D18F8B236009809B8 /* FirstViewController.m */ = {isa = PBXFileReference; lastKnownFileType = sourcecode.c.objc; path = FirstViewController.m; sourceTree = "<group>"; };
		9389888F18F8B236009809B8 /* SecondViewController.h */ = {isa = PBXFileReference; lastKnownFileType = sourcecode.c.h; path = SecondViewController.h; sourceTree = "<group>"; };
		9389889018F8B236009809B8 /* SecondViewController.m */ = {isa = PBXFileReference; lastKnownFileType = sourcecode.c.objc; path = SecondViewController.m; sourceTree = "<group>"; };
		9389889218F8B236009809B8 /* Images.xcassets */ = {isa = PBXFileReference; lastKnownFileType = folder.assetcatalog; path = Images.xcassets; sourceTree = "<group>"; };
		9389889818F8B236009809B8 /* Study4Tests.xctest */ = {isa = PBXFileReference; explicitFileType = wrapper.cfbundle; includeInIndex = 0; path = Study4Tests.xctest; sourceTree = BUILT_PRODUCTS_DIR; };
		9389889918F8B236009809B8 /* XCTest.framework */ = {isa = PBXFileReference; lastKnownFileType = wrapper.framework; name = XCTest.framework; path = Library/Frameworks/XCTest.framework; sourceTree = DEVELOPER_DIR; };
		938988A118F8B236009809B8 /* Study4Tests-Info.plist */ = {isa = PBXFileReference; lastKnownFileType = text.plist.xml; path = "Study4Tests-Info.plist"; sourceTree = "<group>"; };
		938988A318F8B236009809B8 /* en */ = {isa = PBXFileReference; lastKnownFileType = text.plist.strings; name = en; path = en.lproj/InfoPlist.strings; sourceTree = "<group>"; };
		938988A518F8B236009809B8 /* Study4Tests.m */ = {isa = PBXFileReference; lastKnownFileType = sourcecode.c.objc; path = Study4Tests.m; sourceTree = "<group>"; };
/* End PBXFileReference section */

/* Begin PBXFrameworksBuildPhase section */
		9389887118F8B235009809B8 /* Frameworks */ = {
			isa = PBXFrameworksBuildPhase;
			buildActionMask = 2147483647;
			files = (
				9389887A18F8B235009809B8 /* CoreGraphics.framework in Frameworks */,
				9389887C18F8B235009809B8 /* UIKit.framework in Frameworks */,
				9389887818F8B235009809B8 /* Foundation.framework in Frameworks */,
			);
			runOnlyForDeploymentPostprocessing = 0;
		};
		9389889518F8B236009809B8 /* Frameworks */ = {
			isa = PBXFrameworksBuildPhase;
			buildActionMask = 2147483647;
			files = (
				9389889A18F8B236009809B8 /* XCTest.framework in Frameworks */,
				9389889C18F8B236009809B8 /* UIKit.framework in Frameworks */,
				9389889B18F8B236009809B8 /* Foundation.framework in Frameworks */,
			);
			runOnlyForDeploymentPostprocessing = 0;
		};
/* End PBXFrameworksBuildPhase section */

/* Begin PBXGroup section */
		9389886B18F8B235009809B8 = {
			isa = PBXGroup;
			children = (
				9389887D18F8B235009809B8 /* Study4 */,
				9389889F18F8B236009809B8 /* Study4Tests */,
				9389887618F8B235009809B8 /* Frameworks */,
				9389887518F8B235009809B8 /* Products */,
			);
			sourceTree = "<group>";
		};
		9389887518F8B235009809B8 /* Products */ = {
			isa = PBXGroup;
			children = (
				9389887418F8B235009809B8 /* Study4.app */,
				9389889818F8B236009809B8 /* Study4Tests.xctest */,
			);
			name = Products;
			sourceTree = "<group>";
		};
		9389887618F8B235009809B8 /* Frameworks */ = {
			isa = PBXGroup;
			children = (
				9389887718F8B235009809B8 /* Foundation.framework */,
				9389887918F8B235009809B8 /* CoreGraphics.framework */,
				9389887B18F8B235009809B8 /* UIKit.framework */,
				9389889918F8B236009809B8 /* XCTest.framework */,
			);
			name = Frameworks;
			sourceTree = "<group>";
		};
		9389887D18F8B235009809B8 /* Study4 */ = {
			isa = PBXGroup;
			children = (
				9389888618F8B236009809B8 /* AppDelegate.h */,
				9389888718F8B236009809B8 /* AppDelegate.m */,
				9389888918F8B236009809B8 /* Main.storyboard */,
				9389888C18F8B236009809B8 /* FirstViewController.h */,
				9389888D18F8B236009809B8 /* FirstViewController.m */,
				9389888F18F8B236009809B8 /* SecondViewController.h */,
				9389889018F8B236009809B8 /* SecondViewController.m */,
				9389889218F8B236009809B8 /* Images.xcassets */,
				9389887E18F8B235009809B8 /* Supporting Files */,
			);
			path = Study4;
			sourceTree = "<group>";
		};
		9389887E18F8B235009809B8 /* Supporting Files */ = {
			isa = PBXGroup;
			children = (
				9389887F18F8B235009809B8 /* Study4-Info.plist */,
				9389888018F8B235009809B8 /* InfoPlist.strings */,
				9389888318F8B236009809B8 /* main.m */,
				9389888518F8B236009809B8 /* Study4-Prefix.pch */,
			);
			name = "Supporting Files";
			sourceTree = "<group>";
		};
		9389889F18F8B236009809B8 /* Study4Tests */ = {
			isa = PBXGroup;
			children = (
				938988A518F8B236009809B8 /* Study4Tests.m */,
				938988A018F8B236009809B8 /* Supporting Files */,
			);
			path = Study4Tests;
			sourceTree = "<group>";
		};
		938988A018F8B236009809B8 /* Supporting Files */ = {
			isa = PBXGroup;
			children = (
				938988A118F8B236009809B8 /* Study4Tests-Info.plist */,
				938988A218F8B236009809B8 /* InfoPlist.strings */,
			);
			name = "Supporting Files";
			sourceTree = "<group>";
		};
/* End PBXGroup section */

/* Begin PBXNativeTarget section */
		9389887318F8B235009809B8 /* Study4 */ = {
			isa = PBXNativeTarget;
			buildConfigurationList = 938988A918F8B236009809B8 /* Build configuration list for PBXNativeTarget "Study4" */;
			buildPhases = (
				9389887018F8B235009809B8 /* Sources */,
				9389887118F8B235009809B8 /* Frameworks */,
				9389887218F8B235009809B8 /* Resources */,
			);
			buildRules = (
			);
			dependencies = (
			);
			name = Study4;
			productName = Study4;
			productReference = 9389887418F8B235009809B8 /* Study4.app */;
			productType = "com.apple.product-type.application";
		};
		9389889718F8B236009809B8 /* Study4Tests */ = {
			isa = PBXNativeTarget;
			buildConfigurationList = 938988AC18F8B236009809B8 /* Build configuration list for PBXNativeTarget "Study4Tests" */;
			buildPhases = (
				9389889418F8B236009809B8 /* Sources */,
				9389889518F8B236009809B8 /* Frameworks */,
				9389889618F8B236009809B8 /* Resources */,
			);
			buildRules = (
			);
			dependencies = (
				9389889E18F8B236009809B8 /* PBXTargetDependency */,
			);
			name = Study4Tests;
			productName = Study4Tests;
			productReference = 9389889818F8B236009809B8 /* Study4Tests.xctest */;
			productType = "com.apple.product-type.bundle.unit-test";
		};
/* End PBXNativeTarget section */

/* Begin PBXProject section */
		9389886C18F8B235009809B8 /* Project object */ = {
			isa = PBXProject;
			attributes = {
				LastUpgradeCheck = 0510;
				ORGANIZATIONNAME = Futomen;
				TargetAttributes = {
					9389889718F8B236009809B8 = {
						TestTargetID = 9389887318F8B235009809B8;
					};
				};
			};
			buildConfigurationList = 9389886F18F8B235009809B8 /* Build configuration list for PBXProject "Study4" */;
			compatibilityVersion = "Xcode 3.2";
			developmentRegion = English;
			hasScannedForEncodings = 0;
			knownRegions = (
				en,
				Base,
			);
			mainGroup = 9389886B18F8B235009809B8;
			productRefGroup = 9389887518F8B235009809B8 /* Products */;
			projectDirPath = "";
			projectRoot = "";
			targets = (
				9389887318F8B235009809B8 /* Study4 */,
				9389889718F8B236009809B8 /* Study4Tests */,
			);
		};
/* End PBXProject section */

/* Begin PBXResourcesBuildPhase section */
		9389887218F8B235009809B8 /* Resources */ = {
			isa = PBXResourcesBuildPhase;
			buildActionMask = 2147483647;
			files = (
				9389889318F8B236009809B8 /* Images.xcassets in Resources */,
				9389888218F8B235009809B8 /* InfoPlist.strings in Resources */,
				9389888B18F8B236009809B8 /* Main.storyboard in Resources */,
			);
			runOnlyForDeploymentPostprocessing = 0;
		};
		9389889618F8B236009809B8 /* Resources */ = {
			isa = PBXResourcesBuildPhase;
			buildActionMask = 2147483647;
			files = (
				938988A418F8B236009809B8 /* InfoPlist.strings in Resources */,
			);
			runOnlyForDeploymentPostprocessing = 0;
		};
/* End PBXResourcesBuildPhase section */

/* Begin PBXSourcesBuildPhase section */
		9389887018F8B235009809B8 /* Sources */ = {
			isa = PBXSourcesBuildPhase;
			buildActionMask = 2147483647;
			files = (
				9389889118F8B236009809B8 /* SecondViewController.m in Sources */,
				9389888818F8B236009809B8 /* AppDelegate.m in Sources */,
				9389888E18F8B236009809B8 /* FirstViewController.m in Sources */,
				9389888418F8B236009809B8 /* main.m in Sources */,
			);
			runOnlyForDeploymentPostprocessing = 0;
		};
		9389889418F8B236009809B8 /* Sources */ = {
			isa = PBXSourcesBuildPhase;
			buildActionMask = 2147483647;
			files = (
				938988A618F8B236009809B8 /* Study4Tests.m in Sources */,
			);
			runOnlyForDeploymentPostprocessing = 0;
		};
/* End PBXSourcesBuildPhase section */

/* Begin PBXTargetDependency section */
		9389889E18F8B236009809B8 /* PBXTargetDependency */ = {
			isa = PBXTargetDependency;
			target = 9389887318F8B235009809B8 /* Study4 */;
			targetProxy = 9389889D18F8B236009809B8 /* PBXContainerItemProxy */;
		};
/* End PBXTargetDependency section */

/* Begin PBXVariantGroup section */
		9389888018F8B235009809B8 /* InfoPlist.strings */ = {
			isa = PBXVariantGroup;
			children = (
				9389888118F8B235009809B8 /* en */,
			);
			name = InfoPlist.strings;
			sourceTree = "<group>";
		};
		9389888918F8B236009809B8 /* Main.storyboard */ = {
			isa = PBXVariantGroup;
			children = (
				9389888A18F8B236009809B8 /* Base */,
			);
			name = Main.storyboard;
			sourceTree = "<group>";
		};
		938988A218F8B236009809B8 /* InfoPlist.strings */ = {
			isa = PBXVariantGroup;
			children = (
				938988A318F8B236009809B8 /* en */,
			);
			name = InfoPlist.strings;
			sourceTree = "<group>";
		};
/* End PBXVariantGroup section */

/* Begin XCBuildConfiguration section */
		938988A718F8B236009809B8 /* Debug */ = {
			isa = XCBuildConfiguration;
			buildSettings = {
				ALWAYS_SEARCH_USER_PATHS = NO;
				CLANG_CXX_LANGUAGE_STANDARD = "gnu++0x";
				CLANG_CXX_LIBRARY = "libc++";
				CLANG_ENABLE_MODULES = YES;
				CLANG_ENABLE_OBJC_ARC = YES;
				CLANG_WARN_BOOL_CONVERSION = YES;
				CLANG_WARN_CONSTANT_CONVERSION = YES;
				CLANG_WARN_DIRECT_OBJC_ISA_USAGE = YES_ERROR;
				CLANG_WARN_EMPTY_BODY = YES;
				CLANG_WARN_ENUM_CONVERSION = YES;
				CLANG_WARN_INT_CONVERSION = YES;
				CLANG_WARN_OBJC_ROOT_CLASS = YES_ERROR;
				CLANG_WARN__DUPLICATE_METHOD_MATCH = YES;
				"CODE_SIGN_IDENTITY[sdk=iphoneos*]" = "iPhone Developer";
				COPY_PHASE_STRIP = NO;
				GCC_C_LANGUAGE_STANDARD = gnu99;
				GCC_DYNAMIC_NO_PIC = NO;
				GCC_OPTIMIZATION_LEVEL = 0;
				GCC_PREPROCESSOR_DEFINITIONS = (
					"DEBUG=1",
					"$(inherited)",
				);
				GCC_SYMBOLS_PRIVATE_EXTERN = NO;
				GCC_WARN_64_TO_32_BIT_CONVERSION = YES;
				GCC_WARN_ABOUT_RETURN_TYPE = YES_ERROR;
				GCC_WARN_UNDECLARED_SELECTOR = YES;
				GCC_WARN_UNINITIALIZED_AUTOS = YES_AGGRESSIVE;
				GCC_WARN_UNUSED_FUNCTION = YES;
				GCC_WARN_UNUSED_VARIABLE = YES;
				IPHONEOS_DEPLOYMENT_TARGET = 7.1;
				ONLY_ACTIVE_ARCH = YES;
				SDKROOT = iphoneos;
			};
			name = Debug;
		};
		938988A818F8B236009809B8 /* Release */ = {
			isa = XCBuildConfiguration;
			buildSettings = {
				ALWAYS_SEARCH_USER_PATHS = NO;
				CLANG_CXX_LANGUAGE_STANDARD = "gnu++0x";
				CLANG_CXX_LIBRARY = "libc++";
				CLANG_ENABLE_MODULES = YES;
				CLANG_ENABLE_OBJC_ARC = YES;
				CLANG_WARN_BOOL_CONVERSION = YES;
				CLANG_WARN_CONSTANT_CONVERSION = YES;
				CLANG_WARN_DIRECT_OBJC_ISA_USAGE = YES_ERROR;
				CLANG_WARN_EMPTY_BODY = YES;
				CLANG_WARN_ENUM_CONVERSION = YES;
				CLANG_WARN_INT_CONVERSION = YES;
				CLANG_WARN_OBJC_ROOT_CLASS = YES_ERROR;
				CLANG_WARN__DUPLICATE_METHOD_MATCH = YES;
				"CODE_SIGN_IDENTITY[sdk=iphoneos*]" = "iPhone Developer";
				COPY_PHASE_STRIP = YES;
				ENABLE_NS_ASSERTIONS = NO;
				GCC_C_LANGUAGE_STANDARD = gnu99;
				GCC_WARN_64_TO_32_BIT_CONVERSION = YES;
				GCC_WARN_ABOUT_RETURN_TYPE = YES_ERROR;
				GCC_WARN_UNDECLARED_SELECTOR = YES;
				GCC_WARN_UNINITIALIZED_AUTOS = YES_AGGRESSIVE;
				GCC_WARN_UNUSED_FUNCTION = YES;
				GCC_WARN_UNUSED_VARIABLE = YES;
				IPHONEOS_DEPLOYMENT_TARGET = 7.1;
				SDKROOT = iphoneos;
				VALIDATE_PRODUCT = YES;
			};
			name = Release;
		};
		938988AA18F8B236009809B8 /* Debug */ = {
			isa = XCBuildConfiguration;
			buildSettings = {
				ASSETCATALOG_COMPILER_APPICON_NAME = AppIcon;
				ASSETCATALOG_COMPILER_LAUNCHIMAGE_NAME = LaunchImage;
				GCC_PRECOMPILE_PREFIX_HEADER = YES;
				GCC_PREFIX_HEADER = "Study4/Study4-Prefix.pch";
				INFOPLIST_FILE = "Study4/Study4-Info.plist";
				PRODUCT_NAME = "$(TARGET_NAME)";
				WRAPPER_EXTENSION = app;
			};
			name = Debug;
		};
		938988AB18F8B236009809B8 /* Release */ = {
			isa = XCBuildConfiguration;
			buildSettings = {
				ASSETCATALOG_COMPILER_APPICON_NAME = AppIcon;
				ASSETCATALOG_COMPILER_LAUNCHIMAGE_NAME = LaunchImage;
				GCC_PRECOMPILE_PREFIX_HEADER = YES;
				GCC_PREFIX_HEADER = "Study4/Study4-Prefix.pch";
				INFOPLIST_FILE = "Study4/Study4-Info.plist";
				PRODUCT_NAME = "$(TARGET_NAME)";
				WRAPPER_EXTENSION = app;
			};
			name = Release;
		};
		938988AD18F8B236009809B8 /* Debug */ = {
			isa = XCBuildConfiguration;
			buildSettings = {
				BUNDLE_LOADER = "$(BUILT_PRODUCTS_DIR)/Study4.app/Study4";
				FRAMEWORK_SEARCH_PATHS = (
					"$(SDKROOT)/Developer/Library/Frameworks",
					"$(inherited)",
					"$(DEVELOPER_FRAMEWORKS_DIR)",
				);
				GCC_PRECOMPILE_PREFIX_HEADER = YES;
				GCC_PREFIX_HEADER = "Study4/Study4-Prefix.pch";
				GCC_PREPROCESSOR_DEFINITIONS = (
					"DEBUG=1",
					"$(inherited)",
				);
				INFOPLIST_FILE = "Study4Tests/Study4Tests-Info.plist";
				PRODUCT_NAME = "$(TARGET_NAME)";
				TEST_HOST = "$(BUNDLE_LOADER)";
				WRAPPER_EXTENSION = xctest;
			};
			name = Debug;
		};
		938988AE18F8B236009809B8 /* Release */ = {
			isa = XCBuildConfiguration;
			buildSettings = {
				BUNDLE_LOADER = "$(BUILT_PRODUCTS_DIR)/Study4.app/Study4";
				FRAMEWORK_SEARCH_PATHS = (
					"$(SDKROOT)/Developer/Library/Frameworks",
					"$(inherited)",
					"$(DEVELOPER_FRAMEWORKS_DIR)",
				);
				GCC_PRECOMPILE_PREFIX_HEADER = YES;
				GCC_PREFIX_HEADER = "Study4/Study4-Prefix.pch";
				INFOPLIST_FILE = "Study4Tests/Study4Tests-Info.plist";
				PRODUCT_NAME = "$(TARGET_NAME)";
				TEST_HOST = "$(BUNDLE_LOADER)";
				WRAPPER_EXTENSION = xctest;
			};
			name = Release;
		};
/* End XCBuildConfiguration section */

/* Begin XCConfigurationList section */
		9389886F18F8B235009809B8 /* Build configuration list for PBXProject "Study4" */ = {
			isa = XCConfigurationList;
			buildConfigurations = (
				938988A718F8B236009809B8 /* Debug */,
				938988A818F8B236009809B8 /* Release */,
			);
			defaultConfigurationIsVisible = 0;
			defaultConfigurationName = Release;
		};
		938988A918F8B236009809B8 /* Build configuration list for PBXNativeTarget "Study4" */ = {
			isa = XCConfigurationList;
			buildConfigurations = (
				938988AA18F8B236009809B8 /* Debug */,
				938988AB18F8B236009809B8 /* Release */,
			);
			defaultConfigurationIsVisible = 0;
		};
		938988AC18F8B236009809B8 /* Build configuration list for PBXNativeTarget "Study4Tests" */ = {
			isa = XCConfigurationList;
			buildConfigurations = (
				938988AD18F8B236009809B8 /* Debug */,
				938988AE18F8B236009809B8 /* Release */,
			);
			defaultConfigurationIsVisible = 0;
		};
/* End XCConfigurationList section */
	};
	rootObject = 9389886C18F8B235009809B8 /* Project object */;
}
